// !$*UTF8*$!
{
	archiveVersion = 1;
	classes = {
	};
	objectVersion = 56;
	objects = {

/* Begin PBXBuildFile section */
		C53494E62940F2BE00A5880D /* AppDelegate.swift in Sources */ = {isa = PBXBuildFile; fileRef = C53494E52940F2BE00A5880D /* AppDelegate.swift */; };
		C53494E82940F2BE00A5880D /* SceneDelegate.swift in Sources */ = {isa = PBXBuildFile; fileRef = C53494E72940F2BE00A5880D /* SceneDelegate.swift */; };
		C53494EA2940F2BE00A5880D /* ViewController.swift in Sources */ = {isa = PBXBuildFile; fileRef = C53494E92940F2BE00A5880D /* ViewController.swift */; };
		C53494ED2940F2BE00A5880D /* Main.storyboard in Resources */ = {isa = PBXBuildFile; fileRef = C53494EB2940F2BE00A5880D /* Main.storyboard */; };
		C53494EF2940F2C600A5880D /* Assets.xcassets in Resources */ = {isa = PBXBuildFile; fileRef = C53494EE2940F2C600A5880D /* Assets.xcassets */; };
		C53494F22940F2C600A5880D /* LaunchScreen.storyboard in Resources */ = {isa = PBXBuildFile; fileRef = C53494F02940F2C600A5880D /* LaunchScreen.storyboard */; };
		C53494FD2940F2C600A5880D /* Test_tTests.swift in Sources */ = {isa = PBXBuildFile; fileRef = C53494FC2940F2C600A5880D /* Test_tTests.swift */; };
		C53495072940F2C600A5880D /* Test_tUITests.swift in Sources */ = {isa = PBXBuildFile; fileRef = C53495062940F2C600A5880D /* Test_tUITests.swift */; };
		C53495092940F2C700A5880D /* Test_tUITestsLaunchTests.swift in Sources */ = {isa = PBXBuildFile; fileRef = C53495082940F2C700A5880D /* Test_tUITestsLaunchTests.swift */; };
/* End PBXBuildFile section */

/* Begin PBXContainerItemProxy section */
		C53494F92940F2C600A5880D /* PBXContainerItemProxy */ = {
			isa = PBXContainerItemProxy;
			containerPortal = C53494DA2940F2BE00A5880D /* Project object */;
			proxyType = 1;
			remoteGlobalIDString = C53494E12940F2BE00A5880D;
			remoteInfo = "Test-t";
		};
		C53495032940F2C600A5880D /* PBXContainerItemProxy */ = {
			isa = PBXContainerItemProxy;
			containerPortal = C53494DA2940F2BE00A5880D /* Project object */;
			proxyType = 1;
			remoteGlobalIDString = C53494E12940F2BE00A5880D;
			remoteInfo = "Test-t";
		};
/* End PBXContainerItemProxy section */

/* Begin PBXFileReference section */
		C53494E22940F2BE00A5880D /* Test-t.app */ = {isa = PBXFileReference; explicitFileType = wrapper.application; includeInIndex = 0; path = "Test-t.app"; sourceTree = BUILT_PRODUCTS_DIR; };
		C53494E52940F2BE00A5880D /* AppDelegate.swift */ = {isa = PBXFileReference; lastKnownFileType = sourcecode.swift; path = AppDelegate.swift; sourceTree = "<group>"; };
		C53494E72940F2BE00A5880D /* SceneDelegate.swift */ = {isa = PBXFileReference; lastKnownFileType = sourcecode.swift; path = SceneDelegate.swift; sourceTree = "<group>"; };
		C53494E92940F2BE00A5880D /* ViewController.swift */ = {isa = PBXFileReference; lastKnownFileType = sourcecode.swift; path = ViewController.swift; sourceTree = "<group>"; };
		C53494EC2940F2BE00A5880D /* Base */ = {isa = PBXFileReference; lastKnownFileType = file.storyboard; name = Base; path = Base.lproj/Main.storyboard; sourceTree = "<group>"; };
		C53494EE2940F2C600A5880D /* Assets.xcassets */ = {isa = PBXFileReference; lastKnownFileType = folder.assetcatalog; path = Assets.xcassets; sourceTree = "<group>"; };
		C53494F12940F2C600A5880D /* Base */ = {isa = PBXFileReference; lastKnownFileType = file.storyboard; name = Base; path = Base.lproj/LaunchScreen.storyboard; sourceTree = "<group>"; };
		C53494F32940F2C600A5880D /* Info.plist */ = {isa = PBXFileReference; lastKnownFileType = text.plist.xml; path = Info.plist; sourceTree = "<group>"; };
		C53494F82940F2C600A5880D /* Test-tTests.xctest */ = {isa = PBXFileReference; explicitFileType = wrapper.cfbundle; includeInIndex = 0; path = "Test-tTests.xctest"; sourceTree = BUILT_PRODUCTS_DIR; };
		C53494FC2940F2C600A5880D /* Test_tTests.swift */ = {isa = PBXFileReference; lastKnownFileType = sourcecode.swift; path = Test_tTests.swift; sourceTree = "<group>"; };
		C53495022940F2C600A5880D /* Test-tUITests.xctest */ = {isa = PBXFileReference; explicitFileType = wrapper.cfbundle; includeInIndex = 0; path = "Test-tUITests.xctest"; sourceTree = BUILT_PRODUCTS_DIR; };
		C53495062940F2C600A5880D /* Test_tUITests.swift */ = {isa = PBXFileReference; lastKnownFileType = sourcecode.swift; path = Test_tUITests.swift; sourceTree = "<group>"; };
		C53495082940F2C700A5880D /* Test_tUITestsLaunchTests.swift */ = {isa = PBXFileReference; lastKnownFileType = sourcecode.swift; path = Test_tUITestsLaunchTests.swift; sourceTree = "<group>"; };
/* End PBXFileReference section */

/* Begin PBXFrameworksBuildPhase section */
		C53494DF2940F2BE00A5880D /* Frameworks */ = {
			isa = PBXFrameworksBuildPhase;
			buildActionMask = 2147483647;
			files = (
			);
			runOnlyForDeploymentPostprocessing = 0;
		};
		C53494F52940F2C600A5880D /* Frameworks */ = {
			isa = PBXFrameworksBuildPhase;
			buildActionMask = 2147483647;
			files = (
			);
			runOnlyForDeploymentPostprocessing = 0;
		};
		C53494FF2940F2C600A5880D /* Frameworks */ = {
			isa = PBXFrameworksBuildPhase;
			buildActionMask = 2147483647;
			files = (
			);
			runOnlyForDeploymentPostprocessing = 0;
		};
/* End PBXFrameworksBuildPhase section */

/* Begin PBXGroup section */
		C53494D92940F2BE00A5880D = {
			isa = PBXGroup;
			children = (
				C53494E42940F2BE00A5880D /* Test-t */,
				C53494FB2940F2C600A5880D /* Test-tTests */,
				C53495052940F2C600A5880D /* Test-tUITests */,
				C53494E32940F2BE00A5880D /* Products */,
			);
			sourceTree = "<group>";
		};
		C53494E32940F2BE00A5880D /* Products */ = {
			isa = PBXGroup;
			children = (
				C53494E22940F2BE00A5880D /* Test-t.app */,
				C53494F82940F2C600A5880D /* Test-tTests.xctest */,
				C53495022940F2C600A5880D /* Test-tUITests.xctest */,
			);
			name = Products;
			sourceTree = "<group>";
		};
		C53494E42940F2BE00A5880D /* Test-t */ = {
			isa = PBXGroup;
			children = (
				C53494E52940F2BE00A5880D /* AppDelegate.swift */,
				C53494E72940F2BE00A5880D /* SceneDelegate.swift */,
				C53494E92940F2BE00A5880D /* ViewController.swift */,
				C53494EB2940F2BE00A5880D /* Main.storyboard */,
				C53494EE2940F2C600A5880D /* Assets.xcassets */,
				C53494F02940F2C600A5880D /* LaunchScreen.storyboard */,
				C53494F32940F2C600A5880D /* Info.plist */,
			);
			path = "Test-t";
			sourceTree = "<group>";
		};
		C53494FB2940F2C600A5880D /* Test-tTests */ = {
			isa = PBXGroup;
			children = (
				C53494FC2940F2C600A5880D /* Test_tTests.swift */,
			);
			path = "Test-tTests";
			sourceTree = "<group>";
		};
		C53495052940F2C600A5880D /* Test-tUITests */ = {
			isa = PBXGroup;
			children = (
				C53495062940F2C600A5880D /* Test_tUITests.swift */,
				C53495082940F2C700A5880D /* Test_tUITestsLaunchTests.swift */,
			);
			path = "Test-tUITests";
			sourceTree = "<group>";
		};
/* End PBXGroup section */

/* Begin PBXNativeTarget section */
		C53494E12940F2BE00A5880D /* Test-t */ = {
			isa = PBXNativeTarget;
			buildConfigurationList = C534950C2940F2C700A5880D /* Build configuration list for PBXNativeTarget "Test-t" */;
			buildPhases = (
				C53494DE2940F2BE00A5880D /* Sources */,
				C53494DF2940F2BE00A5880D /* Frameworks */,
				C53494E02940F2BE00A5880D /* Resources */,
			);
			buildRules = (
			);
			dependencies = (
			);
			name = "Test-t";
			productName = "Test-t";
			productReference = C53494E22940F2BE00A5880D /* Test-t.app */;
			productType = "com.apple.product-type.application";
		};
		C53494F72940F2C600A5880D /* Test-tTests */ = {
			isa = PBXNativeTarget;
			buildConfigurationList = C534950F2940F2C700A5880D /* Build configuration list for PBXNativeTarget "Test-tTests" */;
			buildPhases = (
				C53494F42940F2C600A5880D /* Sources */,
				C53494F52940F2C600A5880D /* Frameworks */,
				C53494F62940F2C600A5880D /* Resources */,
			);
			buildRules = (
			);
			dependencies = (
				C53494FA2940F2C600A5880D /* PBXTargetDependency */,
			);
			name = "Test-tTests";
			productName = "Test-tTests";
			productReference = C53494F82940F2C600A5880D /* Test-tTests.xctest */;
			productType = "com.apple.product-type.bundle.unit-test";
		};
		C53495012940F2C600A5880D /* Test-tUITests */ = {
			isa = PBXNativeTarget;
			buildConfigurationList = C53495122940F2C700A5880D /* Build configuration list for PBXNativeTarget "Test-tUITests" */;
			buildPhases = (
				C53494FE2940F2C600A5880D /* Sources */,
				C53494FF2940F2C600A5880D /* Frameworks */,
				C53495002940F2C600A5880D /* Resources */,
			);
			buildRules = (
			);
			dependencies = (
				C53495042940F2C600A5880D /* PBXTargetDependency */,
			);
			name = "Test-tUITests";
			productName = "Test-tUITests";
			productReference = C53495022940F2C600A5880D /* Test-tUITests.xctest */;
			productType = "com.apple.product-type.bundle.ui-testing";
		};
/* End PBXNativeTarget section */

/* Begin PBXProject section */
		C53494DA2940F2BE00A5880D /* Project object */ = {
			isa = PBXProject;
			attributes = {
				BuildIndependentTargetsInParallel = 1;
				LastSwiftUpdateCheck = 1410;
				LastUpgradeCheck = 1410;
				TargetAttributes = {
					C53494E12940F2BE00A5880D = {
						CreatedOnToolsVersion = 14.1;
					};
					C53494F72940F2C600A5880D = {
						CreatedOnToolsVersion = 14.1;
						TestTargetID = C53494E12940F2BE00A5880D;
					};
					C53495012940F2C600A5880D = {
						CreatedOnToolsVersion = 14.1;
						TestTargetID = C53494E12940F2BE00A5880D;
					};
				};
			};
			buildConfigurationList = C53494DD2940F2BE00A5880D /* Build configuration list for PBXProject "Test-t" */;
			compatibilityVersion = "Xcode 14.0";
			developmentRegion = en;
			hasScannedForEncodings = 0;
			knownRegions = (
				en,
				Base,
			);
			mainGroup = C53494D92940F2BE00A5880D;
			productRefGroup = C53494E32940F2BE00A5880D /* Products */;
			projectDirPath = "";
			projectRoot = "";
			targets = (
				C53494E12940F2BE00A5880D /* Test-t */,
				C53494F72940F2C600A5880D /* Test-tTests */,
				C53495012940F2C600A5880D /* Test-tUITests */,
			);
		};
/* End PBXProject section */

/* Begin PBXResourcesBuildPhase section */
		C53494E02940F2BE00A5880D /* Resources */ = {
			isa = PBXResourcesBuildPhase;
			buildActionMask = 2147483647;
			files = (
				C53494F22940F2C600A5880D /* LaunchScreen.storyboard in Resources */,
				C53494EF2940F2C600A5880D /* Assets.xcassets in Resources */,
				C53494ED2940F2BE00A5880D /* Main.storyboard in Resources */,
			);
			runOnlyForDeploymentPostprocessing = 0;
		};
		C53494F62940F2C600A5880D /* Resources */ = {
			isa = PBXResourcesBuildPhase;
			buildActionMask = 2147483647;
			files = (
			);
			runOnlyForDeploymentPostprocessing = 0;
		};
		C53495002940F2C600A5880D /* Resources */ = {
			isa = PBXResourcesBuildPhase;
			buildActionMask = 2147483647;
			files = (
			);
			runOnlyForDeploymentPostprocessing = 0;
		};
/* End PBXResourcesBuildPhase section */

/* Begin PBXSourcesBuildPhase section */
		C53494DE2940F2BE00A5880D /* Sources */ = {
			isa = PBXSourcesBuildPhase;
			buildActionMask = 2147483647;
			files = (
				C53494EA2940F2BE00A5880D /* ViewController.swift in Sources */,
				C53494E62940F2BE00A5880D /* AppDelegate.swift in Sources */,
				C53494E82940F2BE00A5880D /* SceneDelegate.swift in Sources */,
			);
			runOnlyForDeploymentPostprocessing = 0;
		};
		C53494F42940F2C600A5880D /* Sources */ = {
			isa = PBXSourcesBuildPhase;
			buildActionMask = 2147483647;
			files = (
				C53494FD2940F2C600A5880D /* Test_tTests.swift in Sources */,
			);
			runOnlyForDeploymentPostprocessing = 0;
		};
		C53494FE2940F2C600A5880D /* Sources */ = {
			isa = PBXSourcesBuildPhase;
			buildActionMask = 2147483647;
			files = (
				C53495072940F2C600A5880D /* Test_tUITests.swift in Sources */,
				C53495092940F2C700A5880D /* Test_tUITestsLaunchTests.swift in Sources */,
			);
			runOnlyForDeploymentPostprocessing = 0;
		};
/* End PBXSourcesBuildPhase section */

/* Begin PBXTargetDependency section */
		C53494FA2940F2C600A5880D /* PBXTargetDependency */ = {
			isa = PBXTargetDependency;
			target = C53494E12940F2BE00A5880D /* Test-t */;
			targetProxy = C53494F92940F2C600A5880D /* PBXContainerItemProxy */;
		};
		C53495042940F2C600A5880D /* PBXTargetDependency */ = {
			isa = PBXTargetDependency;
			target = C53494E12940F2BE00A5880D /* Test-t */;
			targetProxy = C53495032940F2C600A5880D /* PBXContainerItemProxy */;
		};
/* End PBXTargetDependency section */

/* Begin PBXVariantGroup section */
		C53494EB2940F2BE00A5880D /* Main.storyboard */ = {
			isa = PBXVariantGroup;
			children = (
				C53494EC2940F2BE00A5880D /* Base */,
			);
			name = Main.storyboard;
			sourceTree = "<group>";
		};
		C53494F02940F2C600A5880D /* LaunchScreen.storyboard */ = {
			isa = PBXVariantGroup;
			children = (
				C53494F12940F2C600A5880D /* Base */,
			);
			name = LaunchScreen.storyboard;
			sourceTree = "<group>";
		};
/* End PBXVariantGroup section */

/* Begin XCBuildConfiguration section */
		C534950A2940F2C700A5880D /* Debug */ = {
			isa = XCBuildConfiguration;
			buildSettings = {
				ALWAYS_SEARCH_USER_PATHS = NO;
				CLANG_ANALYZER_NONNULL = YES;
				CLANG_ANALYZER_NUMBER_OBJECT_CONVERSION = YES_AGGRESSIVE;
				CLANG_CXX_LANGUAGE_STANDARD = "gnu++20";
				CLANG_ENABLE_MODULES = YES;
				CLANG_ENABLE_OBJC_ARC = YES;
				CLANG_ENABLE_OBJC_WEAK = YES;
				CLANG_WARN_BLOCK_CAPTURE_AUTORELEASING = YES;
				CLANG_WARN_BOOL_CONVERSION = YES;
				CLANG_WARN_COMMA = YES;
				CLANG_WARN_CONSTANT_CONVERSION = YES;
				CLANG_WARN_DEPRECATED_OBJC_IMPLEMENTATIONS = YES;
				CLANG_WARN_DIRECT_OBJC_ISA_USAGE = YES_ERROR;
				CLANG_WARN_DOCUMENTATION_COMMENTS = YES;
				CLANG_WARN_EMPTY_BODY = YES;
				CLANG_WARN_ENUM_CONVERSION = YES;
				CLANG_WARN_INFINITE_RECURSION = YES;
				CLANG_WARN_INT_CONVERSION = YES;
				CLANG_WARN_NON_LITERAL_NULL_CONVERSION = YES;
				CLANG_WARN_OBJC_IMPLICIT_RETAIN_SELF = YES;
				CLANG_WARN_OBJC_LITERAL_CONVERSION = YES;
				CLANG_WARN_OBJC_ROOT_CLASS = YES_ERROR;
				CLANG_WARN_QUOTED_INCLUDE_IN_FRAMEWORK_HEADER = YES;
				CLANG_WARN_RANGE_LOOP_ANALYSIS = YES;
				CLANG_WARN_STRICT_PROTOTYPES = YES;
				CLANG_WARN_SUSPICIOUS_MOVE = YES;
				CLANG_WARN_UNGUARDED_AVAILABILITY = YES_AGGRESSIVE;
				CLANG_WARN_UNREACHABLE_CODE = YES;
				CLANG_WARN__DUPLICATE_METHOD_MATCH = YES;
				COPY_PHASE_STRIP = NO;
				DEBUG_INFORMATION_FORMAT = dwarf;
				ENABLE_STRICT_OBJC_MSGSEND = YES;
				ENABLE_TESTABILITY = YES;
				GCC_C_LANGUAGE_STANDARD = gnu11;
				GCC_DYNAMIC_NO_PIC = NO;
				GCC_NO_COMMON_BLOCKS = YES;
				GCC_OPTIMIZATION_LEVEL = 0;
				GCC_PREPROCESSOR_DEFINITIONS = (
					"DEBUG=1",
					"$(inherited)",
				);
				GCC_WARN_64_TO_32_BIT_CONVERSION = YES;
				GCC_WARN_ABOUT_RETURN_TYPE = YES_ERROR;
				GCC_WARN_UNDECLARED_SELECTOR = YES;
				GCC_WARN_UNINITIALIZED_AUTOS = YES_AGGRESSIVE;
				GCC_WARN_UNUSED_FUNCTION = YES;
				GCC_WARN_UNUSED_VARIABLE = YES;
				IPHONEOS_DEPLOYMENT_TARGET = 16.1;
				MTL_ENABLE_DEBUG_INFO = INCLUDE_SOURCE;
				MTL_FAST_MATH = YES;
				ONLY_ACTIVE_ARCH = YES;
				SDKROOT = iphoneos;
				SWIFT_ACTIVE_COMPILATION_CONDITIONS = DEBUG;
				SWIFT_OPTIMIZATION_LEVEL = "-Onone";
			};
			name = Debug;
		};
		C534950B2940F2C700A5880D /* Release */ = {
			isa = XCBuildConfiguration;
			buildSettings = {
				ALWAYS_SEARCH_USER_PATHS = NO;
				CLANG_ANALYZER_NONNULL = YES;
				CLANG_ANALYZER_NUMBER_OBJECT_CONVERSION = YES_AGGRESSIVE;
				CLANG_CXX_LANGUAGE_STANDARD = "gnu++20";
				CLANG_ENABLE_MODULES = YES;
				CLANG_ENABLE_OBJC_ARC = YES;
				CLANG_ENABLE_OBJC_WEAK = YES;
				CLANG_WARN_BLOCK_CAPTURE_AUTORELEASING = YES;
				CLANG_WARN_BOOL_CONVERSION = YES;
				CLANG_WARN_COMMA = YES;
				CLANG_WARN_CONSTANT_CONVERSION = YES;
				CLANG_WARN_DEPRECATED_OBJC_IMPLEMENTATIONS = YES;
				CLANG_WARN_DIRECT_OBJC_ISA_USAGE = YES_ERROR;
				CLANG_WARN_DOCUMENTATION_COMMENTS = YES;
				CLANG_WARN_EMPTY_BODY = YES;
				CLANG_WARN_ENUM_CONVERSION = YES;
				CLANG_WARN_INFINITE_RECURSION = YES;
				CLANG_WARN_INT_CONVERSION = YES;
				CLANG_WARN_NON_LITERAL_NULL_CONVERSION = YES;
				CLANG_WARN_OBJC_IMPLICIT_RETAIN_SELF = YES;
				CLANG_WARN_OBJC_LITERAL_CONVERSION = YES;
				CLANG_WARN_OBJC_ROOT_CLASS = YES_ERROR;
				CLANG_WARN_QUOTED_INCLUDE_IN_FRAMEWORK_HEADER = YES;
				CLANG_WARN_RANGE_LOOP_ANALYSIS = YES;
				CLANG_WARN_STRICT_PROTOTYPES = YES;
				CLANG_WARN_SUSPICIOUS_MOVE = YES;
				CLANG_WARN_UNGUARDED_AVAILABILITY = YES_AGGRESSIVE;
				CLANG_WARN_UNREACHABLE_CODE = YES;
				CLANG_WARN__DUPLICATE_METHOD_MATCH = YES;
				COPY_PHASE_STRIP = NO;
				DEBUG_INFORMATION_FORMAT = "dwarf-with-dsym";
				ENABLE_NS_ASSERTIONS = NO;
				ENABLE_STRICT_OBJC_MSGSEND = YES;
				GCC_C_LANGUAGE_STANDARD = gnu11;
				GCC_NO_COMMON_BLOCKS = YES;
				GCC_WARN_64_TO_32_BIT_CONVERSION = YES;
				GCC_WARN_ABOUT_RETURN_TYPE = YES_ERROR;
				GCC_WARN_UNDECLARED_SELECTOR = YES;
				GCC_WARN_UNINITIALIZED_AUTOS = YES_AGGRESSIVE;
				GCC_WARN_UNUSED_FUNCTION = YES;
				GCC_WARN_UNUSED_VARIABLE = YES;
				IPHONEOS_DEPLOYMENT_TARGET = 16.1;
				MTL_ENABLE_DEBUG_INFO = NO;
				MTL_FAST_MATH = YES;
				SDKROOT = iphoneos;
				SWIFT_COMPILATION_MODE = wholemodule;
				SWIFT_OPTIMIZATION_LEVEL = "-O";
				VALIDATE_PRODUCT = YES;
			};
			name = Release;
		};
		C534950D2940F2C700A5880D /* Debug */ = {
			isa = XCBuildConfiguration;
			buildSettings = {
				ASSETCATALOG_COMPILER_APPICON_NAME = AppIcon;
				ASSETCATALOG_COMPILER_GLOBAL_ACCENT_COLOR_NAME = AccentColor;
				CODE_SIGN_STYLE = Automatic;
				CURRENT_PROJECT_VERSION = 1;
				GENERATE_INFOPLIST_FILE = YES;
				INFOPLIST_FILE = "Test-t/Info.plist";
				INFOPLIST_KEY_UIApplicationSupportsIndirectInputEvents = YES;
				INFOPLIST_KEY_UILaunchStoryboardName = LaunchScreen;
				INFOPLIST_KEY_UIMainStoryboardFile = Main;
				INFOPLIST_KEY_UISupportedInterfaceOrientations_iPad = "UIInterfaceOrientationPortrait UIInterfaceOrientationPortraitUpsideDown UIInterfaceOrientationLandscapeLeft UIInterfaceOrientationLandscapeRight";
				INFOPLIST_KEY_UISupportedInterfaceOrientations_iPhone = "UIInterfaceOrientationPortrait UIInterfaceOrientationLandscapeLeft UIInterfaceOrientationLandscapeRight";
				LD_RUNPATH_SEARCH_PATHS = (
					"$(inherited)",
					"@executable_path/Frameworks",
				);
				MARKETING_VERSION = 1.0;
				PRODUCT_BUNDLE_IDENTIFIER = "bb.Test-t";
				PRODUCT_NAME = "$(TARGET_NAME)";
				SWIFT_EMIT_LOC_STRINGS = YES;
				SWIFT_VERSION = 5.0;
				TARGETED_DEVICE_FAMILY = "1,2";
			};
			name = Debug;
		};
		C534950E2940F2C700A5880D /* Release */ = {
			isa = XCBuildConfiguration;
			buildSettings = {
				ASSETCATALOG_COMPILER_APPICON_NAME = AppIcon;
				ASSETCATALOG_COMPILER_GLOBAL_ACCENT_COLOR_NAME = AccentColor;
				CODE_SIGN_STYLE = Automatic;
				CURRENT_PROJECT_VERSION = 1;
				GENERATE_INFOPLIST_FILE = YES;
				INFOPLIST_FILE = "Test-t/Info.plist";
				INFOPLIST_KEY_UIApplicationSupportsIndirectInputEvents = YES;
				INFOPLIST_KEY_UILaunchStoryboardName = LaunchScreen;
				INFOPLIST_KEY_UIMainStoryboardFile = Main;
				INFOPLIST_KEY_UISupportedInterfaceOrientations_iPad = "UIInterfaceOrientationPortrait UIInterfaceOrientationPortraitUpsideDown UIInterfaceOrientationLandscapeLeft UIInterfaceOrientationLandscapeRight";
				INFOPLIST_KEY_UISupportedInterfaceOrientations_iPhone = "UIInterfaceOrientationPortrait UIInterfaceOrientationLandscapeLeft UIInterfaceOrientationLandscapeRight";
				LD_RUNPATH_SEARCH_PATHS = (
					"$(inherited)",
					"@executable_path/Frameworks",
				);
				MARKETING_VERSION = 1.0;
				PRODUCT_BUNDLE_IDENTIFIER = "bb.Test-t";
				PRODUCT_NAME = "$(TARGET_NAME)";
				SWIFT_EMIT_LOC_STRINGS = YES;
				SWIFT_VERSION = 5.0;
				TARGETED_DEVICE_FAMILY = "1,2";
			};
			name = Release;
		};
		C53495102940F2C700A5880D /* Debug */ = {
			isa = XCBuildConfiguration;
			buildSettings = {
				ALWAYS_EMBED_SWIFT_STANDARD_LIBRARIES = YES;
				BUNDLE_LOADER = "$(TEST_HOST)";
				CODE_SIGN_STYLE = Automatic;
				CURRENT_PROJECT_VERSION = 1;
				GENERATE_INFOPLIST_FILE = YES;
				IPHONEOS_DEPLOYMENT_TARGET = 16.1;
				MARKETING_VERSION = 1.0;
				PRODUCT_BUNDLE_IDENTIFIER = "bb.Test-tTests";
				PRODUCT_NAME = "$(TARGET_NAME)";
				SWIFT_EMIT_LOC_STRINGS = NO;
				SWIFT_VERSION = 5.0;
				TARGETED_DEVICE_FAMILY = "1,2";
				TEST_HOST = "$(BUILT_PRODUCTS_DIR)/Test-t.app/$(BUNDLE_EXECUTABLE_FOLDER_PATH)/Test-t";
			};
			name = Debug;
		};
		C53495112940F2C700A5880D /* Release */ = {
			isa = XCBuildConfiguration;
			buildSettings = {
				ALWAYS_EMBED_SWIFT_STANDARD_LIBRARIES = YES;
				BUNDLE_LOADER = "$(TEST_HOST)";
				CODE_SIGN_STYLE = Automatic;
				CURRENT_PROJECT_VERSION = 1;
				GENERATE_INFOPLIST_FILE = YES;
				IPHONEOS_DEPLOYMENT_TARGET = 16.1;
				MARKETING_VERSION = 1.0;
				PRODUCT_BUNDLE_IDENTIFIER = "bb.Test-tTests";
				PRODUCT_NAME = "$(TARGET_NAME)";
				SWIFT_EMIT_LOC_STRINGS = NO;
				SWIFT_VERSION = 5.0;
				TARGETED_DEVICE_FAMILY = "1,2";
				TEST_HOST = "$(BUILT_PRODUCTS_DIR)/Test-t.app/$(BUNDLE_EXECUTABLE_FOLDER_PATH)/Test-t";
			};
			name = Release;
		};
		C53495132940F2C700A5880D /* Debug */ = {
			isa = XCBuildConfiguration;
			buildSettings = {
				ALWAYS_EMBED_SWIFT_STANDARD_LIBRARIES = YES;
				CODE_SIGN_STYLE = Automatic;
				CURRENT_PROJECT_VERSION = 1;
				GENERATE_INFOPLIST_FILE = YES;
				MARKETING_VERSION = 1.0;
				PRODUCT_BUNDLE_IDENTIFIER = "bb.Test-tUITests";
				PRODUCT_NAME = "$(TARGET_NAME)";
				SWIFT_EMIT_LOC_STRINGS = NO;
				SWIFT_VERSION = 5.0;
				TARGETED_DEVICE_FAMILY = "1,2";
				TEST_TARGET_NAME = "Test-t";
			};
			name = Debug;
		};
		C53495142940F2C700A5880D /* Release */ = {
			isa = XCBuildConfiguration;
			buildSettings = {
				ALWAYS_EMBED_SWIFT_STANDARD_LIBRARIES = YES;
				CODE_SIGN_STYLE = Automatic;
				CURRENT_PROJECT_VERSION = 1;
				GENERATE_INFOPLIST_FILE = YES;
				MARKETING_VERSION = 1.0;
				PRODUCT_BUNDLE_IDENTIFIER = "bb.Test-tUITests";
				PRODUCT_NAME = "$(TARGET_NAME)";
				SWIFT_EMIT_LOC_STRINGS = NO;
				SWIFT_VERSION = 5.0;
				TARGETED_DEVICE_FAMILY = "1,2";
				TEST_TARGET_NAME = "Test-t";
			};
			name = Release;
		};
/* End XCBuildConfiguration section */

/* Begin XCConfigurationList section */
		C53494DD2940F2BE00A5880D /* Build configuration list for PBXProject "Test-t" */ = {
			isa = XCConfigurationList;
			buildConfigurations = (
				C534950A2940F2C700A5880D /* Debug */,
				C534950B2940F2C700A5880D /* Release */,
			);
			defaultConfigurationIsVisible = 0;
			defaultConfigurationName = Release;
		};
		C534950C2940F2C700A5880D /* Build configuration list for PBXNativeTarget "Test-t" */ = {
			isa = XCConfigurationList;
			buildConfigurations = (
				C534950D2940F2C700A5880D /* Debug */,
				C534950E2940F2C700A5880D /* Release */,
			);
			defaultConfigurationIsVisible = 0;
			defaultConfigurationName = Release;
		};
		C534950F2940F2C700A5880D /* Build configuration list for PBXNativeTarget "Test-tTests" */ = {
			isa = XCConfigurationList;
			buildConfigurations = (
				C53495102940F2C700A5880D /* Debug */,
				C53495112940F2C700A5880D /* Release */,
			);
			defaultConfigurationIsVisible = 0;
			defaultConfigurationName = Release;
		};
		C53495122940F2C700A5880D /* Build configuration list for PBXNativeTarget "Test-tUITests" */ = {
			isa = XCConfigurationList;
			buildConfigurations = (
				C53495132940F2C700A5880D /* Debug */,
				C53495142940F2C700A5880D /* Release */,
			);
			defaultConfigurationIsVisible = 0;
			defaultConfigurationName = Release;
		};
/* End XCConfigurationList section */
	};
	rootObject = C53494DA2940F2BE00A5880D /* Project object */;
}
